
Microsoft Visual Studio Solution File, Format Version 12.00
# Visual Studio Version 17
VisualStudioVersion = 17.11.35222.181
MinimumVisualStudioVersion = 10.0.40219.1
Project("{E24C65DC-7377-472B-9ABA-BC803B73C61A}") = "visual", "..\..\..\Desktop\visual\", "{2AE02EDA-A7FB-448A-8D0F-199F0E1532FC}"
	ProjectSection(WebsiteProperties) = preProject
		TargetFrameworkMoniker = ".NETFramework,Version%3Dv4.8"
		Debug.AspNetCompiler.VirtualPath = "/localhost_53175"
		Debug.AspNetCompiler.PhysicalPath = "..\..\..\Desktop\visual\"
		Debug.AspNetCompiler.TargetPath = "PrecompiledWeb\localhost_53175\"
		Debug.AspNetCompiler.Updateable = "true"
		Debug.AspNetCompiler.ForceOverwrite = "true"
		Debug.AspNetCompiler.FixedNames = "false"
		Debug.AspNetCompiler.Debug = "True"
		Release.AspNetCompiler.VirtualPath = "/localhost_53175"
		Release.AspNetCompiler.PhysicalPath = "..\..\..\Desktop\visual\"
		Release.AspNetCompiler.TargetPath = "PrecompiledWeb\localhost_53175\"
		Release.AspNetCompiler.Updateable = "true"
		Release.AspNetCompiler.ForceOverwrite = "true"
		Release.AspNetCompiler.FixedNames = "false"
		Release.AspNetCompiler.Debug = "False"
		VWDPort = "53175"
	EndProjectSection
EndProject
Global
	GlobalSection(SolutionConfigurationPlatforms) = preSolution
		Debug|Any CPU = Debug|Any CPU
	EndGlobalSection
	GlobalSection(ProjectConfigurationPlatforms) = postSolution
		{2AE02EDA-A7FB-448A-8D0F-199F0E1532FC}.Debug|Any CPU.ActiveCfg = Debug|Any CPU
		{2AE02EDA-A7FB-448A-8D0F-199F0E1532FC}.Debug|Any CPU.Build.0 = Debug|Any CPU
	EndGlobalSection
	GlobalSection(SolutionProperties) = preSolution
		HideSolutionNode = FALSE
	EndGlobalSection
	GlobalSection(ExtensibilityGlobals) = postSolution
		SolutionGuid = {847B61A8-B13C-4E53-99E3-5ED1B8CA1331}
	EndGlobalSection
EndGlobal
